
Microsoft Visual Studio Solution File, Format Version 12.00
# Visual Studio 15
Project("{FAE04EC0-301F-11D3-BF4B-00C04F79EFBC}") = "ColourTrackerApplication", "ColourTrackerApplication\ColourTrackerApplication.csproj", "{5CA83387-9139-49CB-B276-B100F693493E}"
EndProject
Project("{FAE04EC0-301F-11D3-BF4B-00C04F79EFBC}") = "ColourTrackerStorageHelper", "ColourTrackerStorageHelper\ColourTrackerStorageHelper.csproj", "{45956400-7993-4A6B-ACB2-CEC21B3B6A0A}"
EndProject
Project("{FAE04EC0-301F-11D3-BF4B-00C04F79EFBC}") = "ColourTrackerDTOs", "ColourTrackerDTOs\ColourTrackerDTOs.csproj", "{3321B25A-15E9-47BC-A645-B3797BD7128C}"
EndProject
Project("{FAE04EC0-301F-11D3-BF4B-00C04F79EFBC}") = "ColourTrackerRepositories", "ColourTrackerRepositories\ColourTrackerRepositories.csproj", "{93C450D5-2AAB-4644-9ACE-8AE0ADC749AD}"
EndProject
Project("{FAE04EC0-301F-11D3-BF4B-00C04F79EFBC}") = "ColourTrackerTests", "ColourTrackerTests\ColourTrackerTests.csproj", "{516FC8F0-D3FF-4DED-A030-35F989EC8E4C}"
EndProject
Project("{FAE04EC0-301F-11D3-BF4B-00C04F79EFBC}") = "ColourTrackerHelperLibraries", "ColourTrackerHelperLibraries\ColourTrackerHelperLibraries.csproj", "{21EE3B7B-6B8C-406E-BF22-C6EF0617220F}"
EndProject
Global
	GlobalSection(SolutionConfigurationPlatforms) = preSolution
		Debug|Any CPU = Debug|Any CPU
		Release|Any CPU = Release|Any CPU
	EndGlobalSection
	GlobalSection(ProjectConfigurationPlatforms) = postSolution
		{5CA83387-9139-49CB-B276-B100F693493E}.Debug|Any CPU.ActiveCfg = Debug|Any CPU
		{5CA83387-9139-49CB-B276-B100F693493E}.Debug|Any CPU.Build.0 = Debug|Any CPU
		{5CA83387-9139-49CB-B276-B100F693493E}.Release|Any CPU.ActiveCfg = Release|Any CPU
		{5CA83387-9139-49CB-B276-B100F693493E}.Release|Any CPU.Build.0 = Release|Any CPU
		{45956400-7993-4A6B-ACB2-CEC21B3B6A0A}.Debug|Any CPU.ActiveCfg = Debug|Any CPU
		{45956400-7993-4A6B-ACB2-CEC21B3B6A0A}.Debug|Any CPU.Build.0 = Debug|Any CPU
		{45956400-7993-4A6B-ACB2-CEC21B3B6A0A}.Release|Any CPU.ActiveCfg = Release|Any CPU
		{45956400-7993-4A6B-ACB2-CEC21B3B6A0A}.Release|Any CPU.Build.0 = Release|Any CPU
		{3321B25A-15E9-47BC-A645-B3797BD7128C}.Debug|Any CPU.ActiveCfg = Debug|Any CPU
		{3321B25A-15E9-47BC-A645-B3797BD7128C}.Debug|Any CPU.Build.0 = Debug|Any CPU
		{3321B25A-15E9-47BC-A645-B3797BD7128C}.Release|Any CPU.ActiveCfg = Release|Any CPU
		{3321B25A-15E9-47BC-A645-B3797BD7128C}.Release|Any CPU.Build.0 = Release|Any CPU
		{93C450D5-2AAB-4644-9ACE-8AE0ADC749AD}.Debug|Any CPU.ActiveCfg = Debug|Any CPU
		{93C450D5-2AAB-4644-9ACE-8AE0ADC749AD}.Debug|Any CPU.Build.0 = Debug|Any CPU
		{93C450D5-2AAB-4644-9ACE-8AE0ADC749AD}.Release|Any CPU.ActiveCfg = Release|Any CPU
		{93C450D5-2AAB-4644-9ACE-8AE0ADC749AD}.Release|Any CPU.Build.0 = Release|Any CPU
		{516FC8F0-D3FF-4DED-A030-35F989EC8E4C}.Debug|Any CPU.ActiveCfg = Debug|Any CPU
		{516FC8F0-D3FF-4DED-A030-35F989EC8E4C}.Debug|Any CPU.Build.0 = Debug|Any CPU
		{516FC8F0-D3FF-4DED-A030-35F989EC8E4C}.Release|Any CPU.ActiveCfg = Release|Any CPU
		{516FC8F0-D3FF-4DED-A030-35F989EC8E4C}.Release|Any CPU.Build.0 = Release|Any CPU
		{21EE3B7B-6B8C-406E-BF22-C6EF0617220F}.Debug|Any CPU.ActiveCfg = Debug|Any CPU
		{21EE3B7B-6B8C-406E-BF22-C6EF0617220F}.Debug|Any CPU.Build.0 = Debug|Any CPU
		{21EE3B7B-6B8C-406E-BF22-C6EF0617220F}.Release|Any CPU.ActiveCfg = Release|Any CPU
		{21EE3B7B-6B8C-406E-BF22-C6EF0617220F}.Release|Any CPU.Build.0 = Release|Any CPU
	EndGlobalSection
EndGlobal
